
Microsoft Visual Studio Solution File, Format Version 12.00
# Visual Studio Version 17
VisualStudioVersion = 17.1.32210.238
MinimumVisualStudioVersion = 10.0.40219.1
Project("{9A19103F-16F7-4668-BE54-9A1E7A4F7556}") = "LotoApp", "LotoApp\LotoApp.csproj", "{30B558CB-922B-46E8-AD48-BA0A579EC771}"
EndProject
Project("{9A19103F-16F7-4668-BE54-9A1E7A4F7556}") = "LotoApp.DAL", "LotoApp.DAL\LotoApp.DAL.csproj", "{208AB399-21D4-4BA1-BA19-CE0BBB51D871}"
EndProject
Project("{9A19103F-16F7-4668-BE54-9A1E7A4F7556}") = "LotoApp.Services", "LotoApp.Services\LotoApp.Services.csproj", "{88FE66C4-C5CE-4805-9ADF-A67F30E940B4}"
EndProject
Project("{9A19103F-16F7-4668-BE54-9A1E7A4F7556}") = "LotoApp.Utilities", "LotoApp.Utilities\LotoApp.Utilities.csproj", "{FB46E54E-6845-4D60-B201-E74741403B08}"
EndProject
Project("{9A19103F-16F7-4668-BE54-9A1E7A4F7556}") = "LotoApp.Configurations", "LotoApp.Configurations\LotoApp.Configurations.csproj", "{8983AE9B-25C5-4298-AE01-89BB30832BB4}"
EndProject
Project("{9A19103F-16F7-4668-BE54-9A1E7A4F7556}") = "LotoApp.Models", "LotoApp.Models\LotoApp.Models.csproj", "{44634E7C-D52F-4917-98E6-245551D1644C}"
EndProject
Global
	GlobalSection(SolutionConfigurationPlatforms) = preSolution
		Debug|Any CPU = Debug|Any CPU
		Release|Any CPU = Release|Any CPU
	EndGlobalSection
	GlobalSection(ProjectConfigurationPlatforms) = postSolution
		{30B558CB-922B-46E8-AD48-BA0A579EC771}.Debug|Any CPU.ActiveCfg = Debug|Any CPU
		{30B558CB-922B-46E8-AD48-BA0A579EC771}.Debug|Any CPU.Build.0 = Debug|Any CPU
		{30B558CB-922B-46E8-AD48-BA0A579EC771}.Release|Any CPU.ActiveCfg = Release|Any CPU
		{30B558CB-922B-46E8-AD48-BA0A579EC771}.Release|Any CPU.Build.0 = Release|Any CPU
		{208AB399-21D4-4BA1-BA19-CE0BBB51D871}.Debug|Any CPU.ActiveCfg = Debug|Any CPU
		{208AB399-21D4-4BA1-BA19-CE0BBB51D871}.Debug|Any CPU.Build.0 = Debug|Any CPU
		{208AB399-21D4-4BA1-BA19-CE0BBB51D871}.Release|Any CPU.ActiveCfg = Release|Any CPU
		{208AB399-21D4-4BA1-BA19-CE0BBB51D871}.Release|Any CPU.Build.0 = Release|Any CPU
		{88FE66C4-C5CE-4805-9ADF-A67F30E940B4}.Debug|Any CPU.ActiveCfg = Debug|Any CPU
		{88FE66C4-C5CE-4805-9ADF-A67F30E940B4}.Debug|Any CPU.Build.0 = Debug|Any CPU
		{88FE66C4-C5CE-4805-9ADF-A67F30E940B4}.Release|Any CPU.ActiveCfg = Release|Any CPU
		{88FE66C4-C5CE-4805-9ADF-A67F30E940B4}.Release|Any CPU.Build.0 = Release|Any CPU
		{FB46E54E-6845-4D60-B201-E74741403B08}.Debug|Any CPU.ActiveCfg = Debug|Any CPU
		{FB46E54E-6845-4D60-B201-E74741403B08}.Debug|Any CPU.Build.0 = Debug|Any CPU
		{FB46E54E-6845-4D60-B201-E74741403B08}.Release|Any CPU.ActiveCfg = Release|Any CPU
		{FB46E54E-6845-4D60-B201-E74741403B08}.Release|Any CPU.Build.0 = Release|Any CPU
		{8983AE9B-25C5-4298-AE01-89BB30832BB4}.Debug|Any CPU.ActiveCfg = Debug|Any CPU
		{8983AE9B-25C5-4298-AE01-89BB30832BB4}.Debug|Any CPU.Build.0 = Debug|Any CPU
		{8983AE9B-25C5-4298-AE01-89BB30832BB4}.Release|Any CPU.ActiveCfg = Release|Any CPU
		{8983AE9B-25C5-4298-AE01-89BB30832BB4}.Release|Any CPU.Build.0 = Release|Any CPU
		{44634E7C-D52F-4917-98E6-245551D1644C}.Debug|Any CPU.ActiveCfg = Debug|Any CPU
		{44634E7C-D52F-4917-98E6-245551D1644C}.Debug|Any CPU.Build.0 = Debug|Any CPU
		{44634E7C-D52F-4917-98E6-245551D1644C}.Release|Any CPU.ActiveCfg = Release|Any CPU
		{44634E7C-D52F-4917-98E6-245551D1644C}.Release|Any CPU.Build.0 = Release|Any CPU
	EndGlobalSection
	GlobalSection(SolutionProperties) = preSolution
		HideSolutionNode = FALSE
	EndGlobalSection
	GlobalSection(ExtensibilityGlobals) = postSolution
		SolutionGuid = {18175953-F53A-4632-BB8E-B1FCFBA95CDD}
	EndGlobalSection
EndGlobal
